# This file is automatically @generated by Cargo.
# It is not intended for manual editing.
version = 4

[[package]]
name = "charybdis-daemon"
version = "0.1.0"
dependencies = [
 "charybdis-lib",
]

[[package]]
name = "charybdis-lib"
version = "0.1.0"

[[package]]
name = "charybdis-tui"
version = "0.1.0"
dependencies = [
 "charybdis-lib",
]
